
Microsoft Visual Studio Solution File, Format Version 12.00
# Visual Studio Version 16
VisualStudioVersion = 16.0.31025.194
MinimumVisualStudioVersion = 10.0.40219.1
Project("{FAE04EC0-301F-11D3-BF4B-00C04F79EFBC}") = "Esbis Test Otomasyon", "..\ConsoleApp1\Esbis Test Otomasyon.csproj", "{ECEF4724-E444-48D7-B2E6-24001101D79F}"
EndProject
Project("{2150E333-8FDC-42A3-9474-1A3956D46DE8}") = "Solution Items", "Solution Items", "{996CD9CC-6961-4ABA-9039-1C4B0444146D}"
EndProject
Global
	GlobalSection(SolutionConfigurationPlatforms) = preSolution
		Debug|Any CPU = Debug|Any CPU
		Release|Any CPU = Release|Any CPU
	EndGlobalSection
	GlobalSection(ProjectConfigurationPlatforms) = postSolution
		{ECEF4724-E444-48D7-B2E6-24001101D79F}.Debug|Any CPU.ActiveCfg = Debug|Any CPU
		{ECEF4724-E444-48D7-B2E6-24001101D79F}.Debug|Any CPU.Build.0 = Debug|Any CPU
		{ECEF4724-E444-48D7-B2E6-24001101D79F}.Release|Any CPU.ActiveCfg = Release|Any CPU
		{ECEF4724-E444-48D7-B2E6-24001101D79F}.Release|Any CPU.Build.0 = Release|Any CPU
	EndGlobalSection
	GlobalSection(SolutionProperties) = preSolution
		HideSolutionNode = FALSE
	EndGlobalSection
	GlobalSection(ExtensibilityGlobals) = postSolution
		SolutionGuid = {DBE8D42F-F838-4178-A0F3-338B7C5A5687}
	EndGlobalSection
EndGlobal
